{
  "nodes": {
    "nixos-hardware": {
      "locked": {
        "lastModified": 1745955289,
        "narHash": "sha256-mmV2oPhQN+YF2wmnJzXX8tqgYmUYXUj3uUUBSTmYN5o=",
        "owner": "NixOS",
        "repo": "nixos-hardware",
        "rev": "72081c9fbbef63765ae82bff9727ea79cc86bd5b",
        "type": "github"
      },
      "original": {
        "owner": "NixOS",
        "ref": "master",
        "repo": "nixos-hardware",
        "type": "github"
      }
    },
    "nixpkgs": {
      "locked": {
        "lastModified": 1746055187,
        "narHash": "sha256-3dqArYSMP9hM7Qpy5YWhnSjiqniSaT2uc5h2Po7tmg0=",
        "owner": "NixOS",
        "repo": "nixpkgs",
        "rev": "3e362ce63e16b9572d8c2297c04f7c19ab6725a5",
        "type": "github"
      },
      "original": {
        "owner": "NixOS",
        "ref": "nixos-24.11",
        "repo": "nixpkgs",
        "type": "github"
      }
    },
    "root": {
      "inputs": {
        "nixos-hardware": "nixos-hardware",
        "nixpkgs": "nixpkgs",
        "sops-nix": "sops-nix"
      }
    },
    "sops-nix": {
      "inputs": {
        "nixpkgs": [
          "nixpkgs"
        ]
      },
      "locked": {
        "lastModified": 1745310711,
        "narHash": "sha256-ePyTpKEJTgX0gvgNQWd7tQYQ3glIkbqcW778RpHlqgA=",
        "owner": "Mic92",
        "repo": "sops-nix",
        "rev": "5e3e92b16d6fdf9923425a8d4df7496b2434f39c",
        "type": "github"
      },
      "original": {
        "owner": "Mic92",
        "repo": "sops-nix",
        "type": "github"
      }
    }
  },
  "root": "root",
  "version": 7
}
